
Microsoft Visual Studio Solution File, Format Version 10.00
# Visual C++ Express 2008
Project("{8BC9CEB8-8B4A-11D0-8D11-00A0C91BC942}") = "Dark GDK - Lines Project", "Dark GDK - Lines Project\Dark GDK - Lines Project.vcproj", "{CE6A09AD-2789-4585-8D08-AA4322CD947E}"
EndProject
Global
	GlobalSection(SolutionConfigurationPlatforms) = preSolution
		Debug|Win32 = Debug|Win32
		Release|Win32 = Release|Win32
	EndGlobalSection
	GlobalSection(ProjectConfigurationPlatforms) = postSolution
		{CE6A09AD-2789-4585-8D08-AA4322CD947E}.Debug|Win32.ActiveCfg = Debug|Win32
		{CE6A09AD-2789-4585-8D08-AA4322CD947E}.Debug|Win32.Build.0 = Debug|Win32
		{CE6A09AD-2789-4585-8D08-AA4322CD947E}.Release|Win32.ActiveCfg = Release|Win32
		{CE6A09AD-2789-4585-8D08-AA4322CD947E}.Release|Win32.Build.0 = Release|Win32
	EndGlobalSection
	GlobalSection(SolutionProperties) = preSolution
		HideSolutionNode = FALSE
	EndGlobalSection
EndGlobal
